
Microsoft Visual Studio Solution File, Format Version 12.00
# Visual Studio Version 16
VisualStudioVersion = 16.0.31729.503
MinimumVisualStudioVersion = 10.0.40219.1
Project("{FAE04EC0-301F-11D3-BF4B-00C04F79EFBC}") = "Lesson 1. Calculator", "Lesson 1. Calculator\Lesson 1. Calculator.csproj", "{C2BA2CE7-F9AA-4F70-B691-EC5808DEEDF1}"
EndProject
Global
	GlobalSection(SolutionConfigurationPlatforms) = preSolution
		Debug|Any CPU = Debug|Any CPU
		Release|Any CPU = Release|Any CPU
	EndGlobalSection
	GlobalSection(ProjectConfigurationPlatforms) = postSolution
		{C2BA2CE7-F9AA-4F70-B691-EC5808DEEDF1}.Debug|Any CPU.ActiveCfg = Debug|Any CPU
		{C2BA2CE7-F9AA-4F70-B691-EC5808DEEDF1}.Debug|Any CPU.Build.0 = Debug|Any CPU
		{C2BA2CE7-F9AA-4F70-B691-EC5808DEEDF1}.Release|Any CPU.ActiveCfg = Release|Any CPU
		{C2BA2CE7-F9AA-4F70-B691-EC5808DEEDF1}.Release|Any CPU.Build.0 = Release|Any CPU
	EndGlobalSection
	GlobalSection(SolutionProperties) = preSolution
		HideSolutionNode = FALSE
	EndGlobalSection
	GlobalSection(ExtensibilityGlobals) = postSolution
		SolutionGuid = {50175680-6F37-4724-8093-C4ED7C5FEE92}
	EndGlobalSection
EndGlobal
